
Microsoft Visual Studio Solution File, Format Version 12.00
# Visual Studio Version 16
VisualStudioVersion = 16.0.29926.136
MinimumVisualStudioVersion = 10.0.40219.1
Project("{FAE04EC0-301F-11D3-BF4B-00C04F79EFBC}") = "Menhetn", "Menhetn\Menhetn.csproj", "{2C804238-9292-476D-BB1E-28CDED976121}"
EndProject
Global
	GlobalSection(SolutionConfigurationPlatforms) = preSolution
		Debug|Any CPU = Debug|Any CPU
		Release|Any CPU = Release|Any CPU
	EndGlobalSection
	GlobalSection(ProjectConfigurationPlatforms) = postSolution
		{2C804238-9292-476D-BB1E-28CDED976121}.Debug|Any CPU.ActiveCfg = Debug|Any CPU
		{2C804238-9292-476D-BB1E-28CDED976121}.Debug|Any CPU.Build.0 = Debug|Any CPU
		{2C804238-9292-476D-BB1E-28CDED976121}.Release|Any CPU.ActiveCfg = Release|Any CPU
		{2C804238-9292-476D-BB1E-28CDED976121}.Release|Any CPU.Build.0 = Release|Any CPU
	EndGlobalSection
	GlobalSection(SolutionProperties) = preSolution
		HideSolutionNode = FALSE
	EndGlobalSection
	GlobalSection(ExtensibilityGlobals) = postSolution
		SolutionGuid = {F5B76ECB-38E1-4AE5-B9EF-10471832B437}
	EndGlobalSection
EndGlobal
