
Microsoft Visual Studio Solution File, Format Version 12.00
# Visual Studio Version 16
VisualStudioVersion = 16.0.29926.136
MinimumVisualStudioVersion = 10.0.40219.1
Project("{FAE04EC0-301F-11D3-BF4B-00C04F79EFBC}") = "WindowsFormsApp2", "WindowsFormsApp2\WindowsFormsApp2.csproj", "{E4AFC454-8E80-4F55-B323-08C85C62E9BE}"
EndProject
Project("{54435603-DBB4-11D2-8724-00A0C9A8B90C}") = "Setup", "Setup\Setup.vdproj", "{DEF2B1F8-87B7-4A8A-B2C0-EC927BAD1633}"
EndProject
Global
	GlobalSection(SolutionConfigurationPlatforms) = preSolution
		Debug|Any CPU = Debug|Any CPU
		Release|Any CPU = Release|Any CPU
	EndGlobalSection
	GlobalSection(ProjectConfigurationPlatforms) = postSolution
		{E4AFC454-8E80-4F55-B323-08C85C62E9BE}.Debug|Any CPU.ActiveCfg = Debug|Any CPU
		{E4AFC454-8E80-4F55-B323-08C85C62E9BE}.Debug|Any CPU.Build.0 = Debug|Any CPU
		{E4AFC454-8E80-4F55-B323-08C85C62E9BE}.Release|Any CPU.ActiveCfg = Release|Any CPU
		{E4AFC454-8E80-4F55-B323-08C85C62E9BE}.Release|Any CPU.Build.0 = Release|Any CPU
		{DEF2B1F8-87B7-4A8A-B2C0-EC927BAD1633}.Debug|Any CPU.ActiveCfg = Debug
		{DEF2B1F8-87B7-4A8A-B2C0-EC927BAD1633}.Release|Any CPU.ActiveCfg = Release
	EndGlobalSection
	GlobalSection(SolutionProperties) = preSolution
		HideSolutionNode = FALSE
	EndGlobalSection
	GlobalSection(ExtensibilityGlobals) = postSolution
		SolutionGuid = {5BA9DFB3-76B9-4F78-B8C4-56ADBB0DAFB9}
	EndGlobalSection
EndGlobal
