
Microsoft Visual Studio Solution File, Format Version 12.00
# Visual Studio Version 16
VisualStudioVersion = 16.0.29503.13
MinimumVisualStudioVersion = 10.0.40219.1
Project("{FAE04EC0-301F-11D3-BF4B-00C04F79EFBC}") = "Graf", "Djikstra\Graf.csproj", "{B6B53DAD-6C6A-43D2-8FCA-6408FE8CB8D2}"
EndProject
Global
	GlobalSection(SolutionConfigurationPlatforms) = preSolution
		Debug|Any CPU = Debug|Any CPU
		Release|Any CPU = Release|Any CPU
	EndGlobalSection
	GlobalSection(ProjectConfigurationPlatforms) = postSolution
		{B6B53DAD-6C6A-43D2-8FCA-6408FE8CB8D2}.Debug|Any CPU.ActiveCfg = Debug|Any CPU
		{B6B53DAD-6C6A-43D2-8FCA-6408FE8CB8D2}.Debug|Any CPU.Build.0 = Debug|Any CPU
		{B6B53DAD-6C6A-43D2-8FCA-6408FE8CB8D2}.Release|Any CPU.ActiveCfg = Release|Any CPU
		{B6B53DAD-6C6A-43D2-8FCA-6408FE8CB8D2}.Release|Any CPU.Build.0 = Release|Any CPU
	EndGlobalSection
	GlobalSection(SolutionProperties) = preSolution
		HideSolutionNode = FALSE
	EndGlobalSection
	GlobalSection(ExtensibilityGlobals) = postSolution
		SolutionGuid = {1CF22E86-7F85-4412-BFFF-38BB367B34FF}
	EndGlobalSection
EndGlobal
